
Microsoft Visual Studio Solution File, Format Version 12.00
# Visual Studio Version 17
VisualStudioVersion = 17.3.32825.248
MinimumVisualStudioVersion = 10.0.40219.1
Project("{FAE04EC0-301F-11D3-BF4B-00C04F79EFBC}") = "Learning-Math", "Learning-Math\Learning-Math.csproj", "{87ABF87B-2758-4DE8-A5F3-2DC9A7BC3C00}"
EndProject
Global
	GlobalSection(SolutionConfigurationPlatforms) = preSolution
		Debug|Any CPU = Debug|Any CPU
		Release|Any CPU = Release|Any CPU
	EndGlobalSection
	GlobalSection(ProjectConfigurationPlatforms) = postSolution
		{87ABF87B-2758-4DE8-A5F3-2DC9A7BC3C00}.Debug|Any CPU.ActiveCfg = Debug|Any CPU
		{87ABF87B-2758-4DE8-A5F3-2DC9A7BC3C00}.Debug|Any CPU.Build.0 = Debug|Any CPU
		{87ABF87B-2758-4DE8-A5F3-2DC9A7BC3C00}.Release|Any CPU.ActiveCfg = Release|Any CPU
		{87ABF87B-2758-4DE8-A5F3-2DC9A7BC3C00}.Release|Any CPU.Build.0 = Release|Any CPU
	EndGlobalSection
	GlobalSection(SolutionProperties) = preSolution
		HideSolutionNode = FALSE
	EndGlobalSection
	GlobalSection(ExtensibilityGlobals) = postSolution
		SolutionGuid = {3C7ABBD2-2DAD-4F52-9530-CB96EC0F5EF3}
	EndGlobalSection
EndGlobal
